// !$*UTF8*$!
{
	archiveVersion = 1;
	classes = {
	};
	objectVersion = 56;
	objects = {

/* Begin PBXBuildFile section */
		22EB67F82A2F74BE005E00F4 /* AppDelegate.swift in Sources */ = {isa = PBXBuildFile; fileRef = 22EB67F72A2F74BE005E00F4 /* AppDelegate.swift */; };
		22EB67FA2A2F74BE005E00F4 /* SceneDelegate.swift in Sources */ = {isa = PBXBuildFile; fileRef = 22EB67F92A2F74BE005E00F4 /* SceneDelegate.swift */; };
		22EB67FC2A2F74BE005E00F4 /* ViewController.swift in Sources */ = {isa = PBXBuildFile; fileRef = 22EB67FB2A2F74BE005E00F4 /* ViewController.swift */; };
		22EB67FF2A2F74BE005E00F4 /* Main.storyboard in Resources */ = {isa = PBXBuildFile; fileRef = 22EB67FD2A2F74BE005E00F4 /* Main.storyboard */; };
		22EB68022A2F74BE005E00F4 /* PostsApp.xcdatamodeld in Sources */ = {isa = PBXBuildFile; fileRef = 22EB68002A2F74BE005E00F4 /* PostsApp.xcdatamodeld */; };
		22EB68042A2F74C0005E00F4 /* Assets.xcassets in Resources */ = {isa = PBXBuildFile; fileRef = 22EB68032A2F74C0005E00F4 /* Assets.xcassets */; };
		22EB68072A2F74C0005E00F4 /* LaunchScreen.storyboard in Resources */ = {isa = PBXBuildFile; fileRef = 22EB68052A2F74C0005E00F4 /* LaunchScreen.storyboard */; };
		22EB68162A2F76E4005E00F4 /* TutorialCellDelegate.swift in Sources */ = {isa = PBXBuildFile; fileRef = 22EB68112A2F76E4005E00F4 /* TutorialCellDelegate.swift */; };
		22EB68172A2F76E4005E00F4 /* TutorialCell.xib in Resources */ = {isa = PBXBuildFile; fileRef = 22EB68122A2F76E4005E00F4 /* TutorialCell.xib */; };
		22EB68182A2F76E4005E00F4 /* TutorialCell.swift in Sources */ = {isa = PBXBuildFile; fileRef = 22EB68132A2F76E4005E00F4 /* TutorialCell.swift */; };
		22EB68192A2F76E4005E00F4 /* TutorialViewController.swift in Sources */ = {isa = PBXBuildFile; fileRef = 22EB68142A2F76E4005E00F4 /* TutorialViewController.swift */; };
		22EB681A2A2F76E4005E00F4 /* TutorialViewController.xib in Resources */ = {isa = PBXBuildFile; fileRef = 22EB68152A2F76E4005E00F4 /* TutorialViewController.xib */; };
		22EB68222A2F77B4005E00F4 /* RegisterViewController.xib in Resources */ = {isa = PBXBuildFile; fileRef = 22EB681C2A2F77B4005E00F4 /* RegisterViewController.xib */; };
		22EB68232A2F77B4005E00F4 /* RegisterViewController.swift in Sources */ = {isa = PBXBuildFile; fileRef = 22EB681D2A2F77B4005E00F4 /* RegisterViewController.swift */; };
		22EB68242A2F77B4005E00F4 /* LoginViewController.xib in Resources */ = {isa = PBXBuildFile; fileRef = 22EB681F2A2F77B4005E00F4 /* LoginViewController.xib */; };
		22EB68252A2F77B4005E00F4 /* LoginViewController.swift in Sources */ = {isa = PBXBuildFile; fileRef = 22EB68202A2F77B4005E00F4 /* LoginViewController.swift */; };
		22EB68262A2F77B4005E00F4 /* LoginPresenter.swift in Sources */ = {isa = PBXBuildFile; fileRef = 22EB68212A2F77B4005E00F4 /* LoginPresenter.swift */; };
		22EB682F2A2F77F0005E00F4 /* LoginEntity.swift in Sources */ = {isa = PBXBuildFile; fileRef = 22EB68282A2F77F0005E00F4 /* LoginEntity.swift */; };
		22EB68302A2F77F0005E00F4 /* UIInputText.swift in Sources */ = {isa = PBXBuildFile; fileRef = 22EB682A2A2F77F0005E00F4 /* UIInputText.swift */; };
		22EB68312A2F77F0005E00F4 /* AuthApiService.swift in Sources */ = {isa = PBXBuildFile; fileRef = 22EB682C2A2F77F0005E00F4 /* AuthApiService.swift */; };
		22EB68322A2F77F0005E00F4 /* AuthRepository.swift in Sources */ = {isa = PBXBuildFile; fileRef = 22EB682E2A2F77F0005E00F4 /* AuthRepository.swift */; };
		22EB68422A2F8C44005E00F4 /* TestLoginPresenter.swift in Sources */ = {isa = PBXBuildFile; fileRef = 22EB68412A2F8C44005E00F4 /* TestLoginPresenter.swift */; };
		22EB68452A30B21B005E00F4 /* AuthRouter.swift in Sources */ = {isa = PBXBuildFile; fileRef = 22EB68442A30B21B005E00F4 /* AuthRouter.swift */; };
		22EB68472A30BB22005E00F4 /* RegisterPresenter.swift in Sources */ = {isa = PBXBuildFile; fileRef = 22EB68462A30BB22005E00F4 /* RegisterPresenter.swift */; };
		22EB68492A30BC17005E00F4 /* RegisterEntity.swift in Sources */ = {isa = PBXBuildFile; fileRef = 22EB68482A30BC17005E00F4 /* RegisterEntity.swift */; };
		22EB686E2A334A9F005E00F4 /* UserDefaultHelper.swift in Sources */ = {isa = PBXBuildFile; fileRef = 22EB686D2A334A9F005E00F4 /* UserDefaultHelper.swift */; };
		22EB68712A3354D4005E00F4 /* AuthHelper.swift in Sources */ = {isa = PBXBuildFile; fileRef = 22EB68702A3354D4005E00F4 /* AuthHelper.swift */; };
		22EB68752A335A2A005E00F4 /* HomeViewController.swift in Sources */ = {isa = PBXBuildFile; fileRef = 22EB68732A335A2A005E00F4 /* HomeViewController.swift */; };
		22EB68762A335A2A005E00F4 /* HomeViewController.xib in Resources */ = {isa = PBXBuildFile; fileRef = 22EB68742A335A2A005E00F4 /* HomeViewController.xib */; };
		22EB68782A336ACC005E00F4 /* HomePresenter.swift in Sources */ = {isa = PBXBuildFile; fileRef = 22EB68772A336ACC005E00F4 /* HomePresenter.swift */; };
		B56A00B5ADCA92F5625439FE /* Pods_PostsApp.framework in Frameworks */ = {isa = PBXBuildFile; fileRef = B41125E7B6561BC9ABF65C21 /* Pods_PostsApp.framework */; };
		DAB7C3D5E00586B159AA9BB2 /* PostsAppTests-PostsAppMocks.generated.swift in Sources */ = {isa = PBXBuildFile; fileRef = E6C02F46F0F4C442840640BE /* PostsAppTests-PostsAppMocks.generated.swift */; };
		E03602930B73C22219532EAE /* Pods_PostsApp_PostsAppTests.framework in Frameworks */ = {isa = PBXBuildFile; fileRef = 893C6FE02AC0DFCB3BA317E2 /* Pods_PostsApp_PostsAppTests.framework */; };
/* End PBXBuildFile section */

/* Begin PBXContainerItemProxy section */
		22EB683B2A2F78D7005E00F4 /* PBXContainerItemProxy */ = {
			isa = PBXContainerItemProxy;
			containerPortal = 22EB67EC2A2F74BE005E00F4 /* Project object */;
			proxyType = 1;
			remoteGlobalIDString = 22EB67F32A2F74BE005E00F4;
			remoteInfo = PostsApp;
		};
/* End PBXContainerItemProxy section */

/* Begin PBXFileReference section */
		22EB67F42A2F74BE005E00F4 /* PostsApp.app */ = {isa = PBXFileReference; explicitFileType = wrapper.application; includeInIndex = 0; path = PostsApp.app; sourceTree = BUILT_PRODUCTS_DIR; };
		22EB67F72A2F74BE005E00F4 /* AppDelegate.swift */ = {isa = PBXFileReference; lastKnownFileType = sourcecode.swift; path = AppDelegate.swift; sourceTree = "<group>"; };
		22EB67F92A2F74BE005E00F4 /* SceneDelegate.swift */ = {isa = PBXFileReference; lastKnownFileType = sourcecode.swift; path = SceneDelegate.swift; sourceTree = "<group>"; };
		22EB67FB2A2F74BE005E00F4 /* ViewController.swift */ = {isa = PBXFileReference; lastKnownFileType = sourcecode.swift; path = ViewController.swift; sourceTree = "<group>"; };
		22EB67FE2A2F74BE005E00F4 /* Base */ = {isa = PBXFileReference; lastKnownFileType = file.storyboard; name = Base; path = Base.lproj/Main.storyboard; sourceTree = "<group>"; };
		22EB68012A2F74BE005E00F4 /* PostsApp.xcdatamodel */ = {isa = PBXFileReference; lastKnownFileType = wrapper.xcdatamodel; path = PostsApp.xcdatamodel; sourceTree = "<group>"; };
		22EB68032A2F74C0005E00F4 /* Assets.xcassets */ = {isa = PBXFileReference; lastKnownFileType = folder.assetcatalog; path = Assets.xcassets; sourceTree = "<group>"; };
		22EB68062A2F74C0005E00F4 /* Base */ = {isa = PBXFileReference; lastKnownFileType = file.storyboard; name = Base; path = Base.lproj/LaunchScreen.storyboard; sourceTree = "<group>"; };
		22EB68082A2F74C0005E00F4 /* Info.plist */ = {isa = PBXFileReference; lastKnownFileType = text.plist.xml; path = Info.plist; sourceTree = "<group>"; };
		22EB68112A2F76E4005E00F4 /* TutorialCellDelegate.swift */ = {isa = PBXFileReference; fileEncoding = 4; lastKnownFileType = sourcecode.swift; path = TutorialCellDelegate.swift; sourceTree = "<group>"; };
		22EB68122A2F76E4005E00F4 /* TutorialCell.xib */ = {isa = PBXFileReference; fileEncoding = 4; lastKnownFileType = file.xib; path = TutorialCell.xib; sourceTree = "<group>"; };
		22EB68132A2F76E4005E00F4 /* TutorialCell.swift */ = {isa = PBXFileReference; fileEncoding = 4; lastKnownFileType = sourcecode.swift; path = TutorialCell.swift; sourceTree = "<group>"; };
		22EB68142A2F76E4005E00F4 /* TutorialViewController.swift */ = {isa = PBXFileReference; fileEncoding = 4; lastKnownFileType = sourcecode.swift; path = TutorialViewController.swift; sourceTree = "<group>"; };
		22EB68152A2F76E4005E00F4 /* TutorialViewController.xib */ = {isa = PBXFileReference; fileEncoding = 4; lastKnownFileType = file.xib; path = TutorialViewController.xib; sourceTree = "<group>"; };
		22EB681C2A2F77B4005E00F4 /* RegisterViewController.xib */ = {isa = PBXFileReference; fileEncoding = 4; lastKnownFileType = file.xib; path = RegisterViewController.xib; sourceTree = "<group>"; };
		22EB681D2A2F77B4005E00F4 /* RegisterViewController.swift */ = {isa = PBXFileReference; fileEncoding = 4; lastKnownFileType = sourcecode.swift; path = RegisterViewController.swift; sourceTree = "<group>"; };
		22EB681F2A2F77B4005E00F4 /* LoginViewController.xib */ = {isa = PBXFileReference; fileEncoding = 4; lastKnownFileType = file.xib; path = LoginViewController.xib; sourceTree = "<group>"; };
		22EB68202A2F77B4005E00F4 /* LoginViewController.swift */ = {isa = PBXFileReference; fileEncoding = 4; lastKnownFileType = sourcecode.swift; path = LoginViewController.swift; sourceTree = "<group>"; };
		22EB68212A2F77B4005E00F4 /* LoginPresenter.swift */ = {isa = PBXFileReference; fileEncoding = 4; lastKnownFileType = sourcecode.swift; path = LoginPresenter.swift; sourceTree = "<group>"; };
		22EB68282A2F77F0005E00F4 /* LoginEntity.swift */ = {isa = PBXFileReference; fileEncoding = 4; lastKnownFileType = sourcecode.swift; path = LoginEntity.swift; sourceTree = "<group>"; };
		22EB682A2A2F77F0005E00F4 /* UIInputText.swift */ = {isa = PBXFileReference; fileEncoding = 4; lastKnownFileType = sourcecode.swift; path = UIInputText.swift; sourceTree = "<group>"; };
		22EB682C2A2F77F0005E00F4 /* AuthApiService.swift */ = {isa = PBXFileReference; fileEncoding = 4; lastKnownFileType = sourcecode.swift; path = AuthApiService.swift; sourceTree = "<group>"; };
		22EB682E2A2F77F0005E00F4 /* AuthRepository.swift */ = {isa = PBXFileReference; fileEncoding = 4; lastKnownFileType = sourcecode.swift; path = AuthRepository.swift; sourceTree = "<group>"; };
		22EB68372A2F78D7005E00F4 /* PostsAppTests.xctest */ = {isa = PBXFileReference; explicitFileType = wrapper.cfbundle; includeInIndex = 0; path = PostsAppTests.xctest; sourceTree = BUILT_PRODUCTS_DIR; };
		22EB68402A2F8C43005E00F4 /* PostsAppTests-Bridging-Header.h */ = {isa = PBXFileReference; lastKnownFileType = sourcecode.c.h; path = "PostsAppTests-Bridging-Header.h"; sourceTree = "<group>"; };
		22EB68412A2F8C44005E00F4 /* TestLoginPresenter.swift */ = {isa = PBXFileReference; fileEncoding = 4; lastKnownFileType = sourcecode.swift; path = TestLoginPresenter.swift; sourceTree = "<group>"; };
		22EB68442A30B21B005E00F4 /* AuthRouter.swift */ = {isa = PBXFileReference; lastKnownFileType = sourcecode.swift; path = AuthRouter.swift; sourceTree = "<group>"; };
		22EB68462A30BB22005E00F4 /* RegisterPresenter.swift */ = {isa = PBXFileReference; lastKnownFileType = sourcecode.swift; path = RegisterPresenter.swift; sourceTree = "<group>"; };
		22EB68482A30BC17005E00F4 /* RegisterEntity.swift */ = {isa = PBXFileReference; lastKnownFileType = sourcecode.swift; path = RegisterEntity.swift; sourceTree = "<group>"; };
		22EB686D2A334A9F005E00F4 /* UserDefaultHelper.swift */ = {isa = PBXFileReference; lastKnownFileType = sourcecode.swift; path = UserDefaultHelper.swift; sourceTree = "<group>"; };
		22EB68702A3354D4005E00F4 /* AuthHelper.swift */ = {isa = PBXFileReference; lastKnownFileType = sourcecode.swift; path = AuthHelper.swift; sourceTree = "<group>"; };
		22EB68732A335A2A005E00F4 /* HomeViewController.swift */ = {isa = PBXFileReference; lastKnownFileType = sourcecode.swift; path = HomeViewController.swift; sourceTree = "<group>"; };
		22EB68742A335A2A005E00F4 /* HomeViewController.xib */ = {isa = PBXFileReference; lastKnownFileType = file.xib; path = HomeViewController.xib; sourceTree = "<group>"; };
		22EB68772A336ACC005E00F4 /* HomePresenter.swift */ = {isa = PBXFileReference; lastKnownFileType = sourcecode.swift; path = HomePresenter.swift; sourceTree = "<group>"; };
		2BEAE9234010F7B842812AAA /* Pods-PostsApp-PostsAppTests.release.xcconfig */ = {isa = PBXFileReference; includeInIndex = 1; lastKnownFileType = text.xcconfig; name = "Pods-PostsApp-PostsAppTests.release.xcconfig"; path = "Target Support Files/Pods-PostsApp-PostsAppTests/Pods-PostsApp-PostsAppTests.release.xcconfig"; sourceTree = "<group>"; };
		5C0F60B60A2BD5F4752947CC /* Pods-PostsApp.release.xcconfig */ = {isa = PBXFileReference; includeInIndex = 1; lastKnownFileType = text.xcconfig; name = "Pods-PostsApp.release.xcconfig"; path = "Target Support Files/Pods-PostsApp/Pods-PostsApp.release.xcconfig"; sourceTree = "<group>"; };
		6552686EDB4B328076D4D453 /* Pods-PostsApp-PostsAppTests.debug.xcconfig */ = {isa = PBXFileReference; includeInIndex = 1; lastKnownFileType = text.xcconfig; name = "Pods-PostsApp-PostsAppTests.debug.xcconfig"; path = "Target Support Files/Pods-PostsApp-PostsAppTests/Pods-PostsApp-PostsAppTests.debug.xcconfig"; sourceTree = "<group>"; };
		893C6FE02AC0DFCB3BA317E2 /* Pods_PostsApp_PostsAppTests.framework */ = {isa = PBXFileReference; explicitFileType = wrapper.framework; includeInIndex = 0; path = Pods_PostsApp_PostsAppTests.framework; sourceTree = BUILT_PRODUCTS_DIR; };
		B41125E7B6561BC9ABF65C21 /* Pods_PostsApp.framework */ = {isa = PBXFileReference; explicitFileType = wrapper.framework; includeInIndex = 0; path = Pods_PostsApp.framework; sourceTree = BUILT_PRODUCTS_DIR; };
		C17FE08878517439B3FCC7CE /* Pods-PostsApp.debug.xcconfig */ = {isa = PBXFileReference; includeInIndex = 1; lastKnownFileType = text.xcconfig; name = "Pods-PostsApp.debug.xcconfig"; path = "Target Support Files/Pods-PostsApp/Pods-PostsApp.debug.xcconfig"; sourceTree = "<group>"; };
		E6C02F46F0F4C442840640BE /* PostsAppTests-PostsAppMocks.generated.swift */ = {isa = PBXFileReference; explicitFileType = sourcecode.swift; name = "PostsAppTests-PostsAppMocks.generated.swift"; path = "MockingbirdMocks/PostsAppTests-PostsAppMocks.generated.swift"; sourceTree = "<group>"; };
/* End PBXFileReference section */

/* Begin PBXFrameworksBuildPhase section */
		22EB67F12A2F74BE005E00F4 /* Frameworks */ = {
			isa = PBXFrameworksBuildPhase;
			buildActionMask = 2147483647;
			files = (
				B56A00B5ADCA92F5625439FE /* Pods_PostsApp.framework in Frameworks */,
			);
			runOnlyForDeploymentPostprocessing = 0;
		};
		22EB68342A2F78D7005E00F4 /* Frameworks */ = {
			isa = PBXFrameworksBuildPhase;
			buildActionMask = 2147483647;
			files = (
				E03602930B73C22219532EAE /* Pods_PostsApp_PostsAppTests.framework in Frameworks */,
			);
			runOnlyForDeploymentPostprocessing = 0;
		};
/* End PBXFrameworksBuildPhase section */

/* Begin PBXGroup section */
		22EB67EB2A2F74BE005E00F4 = {
			isa = PBXGroup;
			children = (
				22EB67F62A2F74BE005E00F4 /* PostsApp */,
				22EB68382A2F78D7005E00F4 /* PostsAppTests */,
				22EB67F52A2F74BE005E00F4 /* Products */,
				4AD594DFB62B29F2BDFA79C0 /* Pods */,
				81A426A993E4C5AB53F66887 /* Frameworks */,
				5EA39044790AF2F5FC608F57 /* Generated Mocks */,
			);
			sourceTree = "<group>";
		};
		22EB67F52A2F74BE005E00F4 /* Products */ = {
			isa = PBXGroup;
			children = (
				22EB67F42A2F74BE005E00F4 /* PostsApp.app */,
				22EB68372A2F78D7005E00F4 /* PostsAppTests.xctest */,
			);
			name = Products;
			sourceTree = "<group>";
		};
		22EB67F62A2F74BE005E00F4 /* PostsApp */ = {
			isa = PBXGroup;
			children = (
				22EB686C2A334A84005E00F4 /* helper */,
				22EB68432A30B12E005E00F4 /* network */,
				22EB68272A2F77F0005E00F4 /* entities */,
				22EB682D2A2F77F0005E00F4 /* repositories */,
				22EB68292A2F77F0005E00F4 /* views */,
				22EB680E2A2F7698005E00F4 /* screens */,
				22EB67F72A2F74BE005E00F4 /* AppDelegate.swift */,
				22EB67F92A2F74BE005E00F4 /* SceneDelegate.swift */,
				22EB67FB2A2F74BE005E00F4 /* ViewController.swift */,
				22EB67FD2A2F74BE005E00F4 /* Main.storyboard */,
				22EB68032A2F74C0005E00F4 /* Assets.xcassets */,
				22EB68052A2F74C0005E00F4 /* LaunchScreen.storyboard */,
				22EB68082A2F74C0005E00F4 /* Info.plist */,
				22EB68002A2F74BE005E00F4 /* PostsApp.xcdatamodeld */,
			);
			path = PostsApp;
			sourceTree = "<group>";
		};
		22EB680E2A2F7698005E00F4 /* screens */ = {
			isa = PBXGroup;
			children = (
				22EB68722A335A0E005E00F4 /* home */,
				22EB681E2A2F77B4005E00F4 /* login */,
				22EB681B2A2F77B4005E00F4 /* register */,
				22EB680F2A2F76E4005E00F4 /* tutorial */,
			);
			path = screens;
			sourceTree = "<group>";
		};
		22EB680F2A2F76E4005E00F4 /* tutorial */ = {
			isa = PBXGroup;
			children = (
				22EB68102A2F76E4005E00F4 /* cells */,
				22EB68142A2F76E4005E00F4 /* TutorialViewController.swift */,
				22EB68152A2F76E4005E00F4 /* TutorialViewController.xib */,
			);
			path = tutorial;
			sourceTree = "<group>";
		};
		22EB68102A2F76E4005E00F4 /* cells */ = {
			isa = PBXGroup;
			children = (
				22EB68112A2F76E4005E00F4 /* TutorialCellDelegate.swift */,
				22EB68122A2F76E4005E00F4 /* TutorialCell.xib */,
				22EB68132A2F76E4005E00F4 /* TutorialCell.swift */,
			);
			path = cells;
			sourceTree = "<group>";
		};
		22EB681B2A2F77B4005E00F4 /* register */ = {
			isa = PBXGroup;
			children = (
				22EB681C2A2F77B4005E00F4 /* RegisterViewController.xib */,
				22EB681D2A2F77B4005E00F4 /* RegisterViewController.swift */,
				22EB68462A30BB22005E00F4 /* RegisterPresenter.swift */,
			);
			path = register;
			sourceTree = "<group>";
		};
		22EB681E2A2F77B4005E00F4 /* login */ = {
			isa = PBXGroup;
			children = (
				22EB681F2A2F77B4005E00F4 /* LoginViewController.xib */,
				22EB68202A2F77B4005E00F4 /* LoginViewController.swift */,
				22EB68212A2F77B4005E00F4 /* LoginPresenter.swift */,
			);
			path = login;
			sourceTree = "<group>";
		};
		22EB68272A2F77F0005E00F4 /* entities */ = {
			isa = PBXGroup;
			children = (
				22EB68282A2F77F0005E00F4 /* LoginEntity.swift */,
				22EB68482A30BC17005E00F4 /* RegisterEntity.swift */,
			);
			path = entities;
			sourceTree = "<group>";
		};
		22EB68292A2F77F0005E00F4 /* views */ = {
			isa = PBXGroup;
			children = (
				22EB682A2A2F77F0005E00F4 /* UIInputText.swift */,
			);
			path = views;
			sourceTree = "<group>";
		};
		22EB682B2A2F77F0005E00F4 /* authservice */ = {
			isa = PBXGroup;
			children = (
				22EB682C2A2F77F0005E00F4 /* AuthApiService.swift */,
				22EB68442A30B21B005E00F4 /* AuthRouter.swift */,
			);
			path = authservice;
			sourceTree = "<group>";
		};
		22EB682D2A2F77F0005E00F4 /* repositories */ = {
			isa = PBXGroup;
			children = (
				22EB682E2A2F77F0005E00F4 /* AuthRepository.swift */,
			);
			path = repositories;
			sourceTree = "<group>";
		};
		22EB68382A2F78D7005E00F4 /* PostsAppTests */ = {
			isa = PBXGroup;
			children = (
				22EB68412A2F8C44005E00F4 /* TestLoginPresenter.swift */,
				22EB68402A2F8C43005E00F4 /* PostsAppTests-Bridging-Header.h */,
			);
			path = PostsAppTests;
			sourceTree = "<group>";
		};
		22EB68432A30B12E005E00F4 /* network */ = {
			isa = PBXGroup;
			children = (
				22EB682B2A2F77F0005E00F4 /* authservice */,
			);
			path = network;
			sourceTree = "<group>";
		};
		22EB686C2A334A84005E00F4 /* helper */ = {
			isa = PBXGroup;
			children = (
				22EB686D2A334A9F005E00F4 /* UserDefaultHelper.swift */,
				22EB68702A3354D4005E00F4 /* AuthHelper.swift */,
			);
			path = helper;
			sourceTree = "<group>";
		};
		22EB68722A335A0E005E00F4 /* home */ = {
			isa = PBXGroup;
			children = (
				22EB68732A335A2A005E00F4 /* HomeViewController.swift */,
				22EB68742A335A2A005E00F4 /* HomeViewController.xib */,
				22EB68772A336ACC005E00F4 /* HomePresenter.swift */,
			);
			path = home;
			sourceTree = "<group>";
		};
		4AD594DFB62B29F2BDFA79C0 /* Pods */ = {
			isa = PBXGroup;
			children = (
				C17FE08878517439B3FCC7CE /* Pods-PostsApp.debug.xcconfig */,
				5C0F60B60A2BD5F4752947CC /* Pods-PostsApp.release.xcconfig */,
				6552686EDB4B328076D4D453 /* Pods-PostsApp-PostsAppTests.debug.xcconfig */,
				2BEAE9234010F7B842812AAA /* Pods-PostsApp-PostsAppTests.release.xcconfig */,
			);
			path = Pods;
			sourceTree = "<group>";
		};
		5EA39044790AF2F5FC608F57 /* Generated Mocks */ = {
			isa = PBXGroup;
			children = (
				E6C02F46F0F4C442840640BE /* PostsAppTests-PostsAppMocks.generated.swift */,
			);
			name = "Generated Mocks";
			sourceTree = "<group>";
		};
		81A426A993E4C5AB53F66887 /* Frameworks */ = {
			isa = PBXGroup;
			children = (
				B41125E7B6561BC9ABF65C21 /* Pods_PostsApp.framework */,
				893C6FE02AC0DFCB3BA317E2 /* Pods_PostsApp_PostsAppTests.framework */,
			);
			name = Frameworks;
			sourceTree = "<group>";
		};
/* End PBXGroup section */

/* Begin PBXNativeTarget section */
		22EB67F32A2F74BE005E00F4 /* PostsApp */ = {
			isa = PBXNativeTarget;
			buildConfigurationList = 22EB680B2A2F74C0005E00F4 /* Build configuration list for PBXNativeTarget "PostsApp" */;
			buildPhases = (
				1579EF7702DDE2B9D3E055A8 /* [CP] Check Pods Manifest.lock */,
				22EB67F02A2F74BE005E00F4 /* Sources */,
				22EB67F12A2F74BE005E00F4 /* Frameworks */,
				22EB67F22A2F74BE005E00F4 /* Resources */,
				2CC7745B57C11D6D6EDCF693 /* [CP] Embed Pods Frameworks */,
			);
			buildRules = (
			);
			dependencies = (
			);
			name = PostsApp;
			productName = PostsApp;
			productReference = 22EB67F42A2F74BE005E00F4 /* PostsApp.app */;
			productType = "com.apple.product-type.application";
		};
		22EB68362A2F78D7005E00F4 /* PostsAppTests */ = {
			isa = PBXNativeTarget;
			buildConfigurationList = 22EB683F2A2F78D7005E00F4 /* Build configuration list for PBXNativeTarget "PostsAppTests" */;
			buildPhases = (
				EA332EB37923E9B1BCC7F328 /* [CP] Check Pods Manifest.lock */,
				87B62A4001D82C128198D540 /* Generate Mockingbird Mocks */,
				22EB68332A2F78D7005E00F4 /* Sources */,
				22EB68342A2F78D7005E00F4 /* Frameworks */,
				22EB68352A2F78D7005E00F4 /* Resources */,
				BE8D527127285CD09E56EA5C /* [CP] Embed Pods Frameworks */,
			);
			buildRules = (
			);
			dependencies = (
				22EB683C2A2F78D7005E00F4 /* PBXTargetDependency */,
			);
			name = PostsAppTests;
			productName = PostsAppTests;
			productReference = 22EB68372A2F78D7005E00F4 /* PostsAppTests.xctest */;
			productType = "com.apple.product-type.bundle.unit-test";
		};
/* End PBXNativeTarget section */

/* Begin PBXProject section */
		22EB67EC2A2F74BE005E00F4 /* Project object */ = {
			isa = PBXProject;
			attributes = {
				BuildIndependentTargetsInParallel = 1;
				LastSwiftUpdateCheck = 1430;
				LastUpgradeCheck = 1430;
				TargetAttributes = {
					22EB67F32A2F74BE005E00F4 = {
						CreatedOnToolsVersion = 14.3;
					};
					22EB68362A2F78D7005E00F4 = {
						CreatedOnToolsVersion = 14.3;
						LastSwiftMigration = 1430;
						TestTargetID = 22EB67F32A2F74BE005E00F4;
					};
				};
			};
			buildConfigurationList = 22EB67EF2A2F74BE005E00F4 /* Build configuration list for PBXProject "PostsApp" */;
			compatibilityVersion = "Xcode 14.0";
			developmentRegion = en;
			hasScannedForEncodings = 0;
			knownRegions = (
				en,
				Base,
			);
			mainGroup = 22EB67EB2A2F74BE005E00F4;
			productRefGroup = 22EB67F52A2F74BE005E00F4 /* Products */;
			projectDirPath = "";
			projectRoot = "";
			targets = (
				22EB67F32A2F74BE005E00F4 /* PostsApp */,
				22EB68362A2F78D7005E00F4 /* PostsAppTests */,
			);
		};
/* End PBXProject section */

/* Begin PBXResourcesBuildPhase section */
		22EB67F22A2F74BE005E00F4 /* Resources */ = {
			isa = PBXResourcesBuildPhase;
			buildActionMask = 2147483647;
			files = (
				22EB68072A2F74C0005E00F4 /* LaunchScreen.storyboard in Resources */,
				22EB681A2A2F76E4005E00F4 /* TutorialViewController.xib in Resources */,
				22EB68172A2F76E4005E00F4 /* TutorialCell.xib in Resources */,
				22EB68042A2F74C0005E00F4 /* Assets.xcassets in Resources */,
				22EB67FF2A2F74BE005E00F4 /* Main.storyboard in Resources */,
				22EB68242A2F77B4005E00F4 /* LoginViewController.xib in Resources */,
				22EB68222A2F77B4005E00F4 /* RegisterViewController.xib in Resources */,
				22EB68762A335A2A005E00F4 /* HomeViewController.xib in Resources */,
			);
			runOnlyForDeploymentPostprocessing = 0;
		};
		22EB68352A2F78D7005E00F4 /* Resources */ = {
			isa = PBXResourcesBuildPhase;
			buildActionMask = 2147483647;
			files = (
			);
			runOnlyForDeploymentPostprocessing = 0;
		};
/* End PBXResourcesBuildPhase section */

/* Begin PBXShellScriptBuildPhase section */
		1579EF7702DDE2B9D3E055A8 /* [CP] Check Pods Manifest.lock */ = {
			isa = PBXShellScriptBuildPhase;
			buildActionMask = 2147483647;
			files = (
			);
			inputFileListPaths = (
			);
			inputPaths = (
				"${PODS_PODFILE_DIR_PATH}/Podfile.lock",
				"${PODS_ROOT}/Manifest.lock",
			);
			name = "[CP] Check Pods Manifest.lock";
			outputFileListPaths = (
			);
			outputPaths = (
				"$(DERIVED_FILE_DIR)/Pods-PostsApp-checkManifestLockResult.txt",
			);
			runOnlyForDeploymentPostprocessing = 0;
			shellPath = /bin/sh;
			shellScript = "diff \"${PODS_PODFILE_DIR_PATH}/Podfile.lock\" \"${PODS_ROOT}/Manifest.lock\" > /dev/null\nif [ $? != 0 ] ; then\n    # print error to STDERR\n    echo \"error: The sandbox is not in sync with the Podfile.lock. Run 'pod install' or update your CocoaPods installation.\" >&2\n    exit 1\nfi\n# This output is used by Xcode 'outputs' to avoid re-running this script phase.\necho \"SUCCESS\" > \"${SCRIPT_OUTPUT_FILE_0}\"\n";
			showEnvVarsInLog = 0;
		};
		2CC7745B57C11D6D6EDCF693 /* [CP] Embed Pods Frameworks */ = {
			isa = PBXShellScriptBuildPhase;
			buildActionMask = 2147483647;
			files = (
			);
			inputFileListPaths = (
				"${PODS_ROOT}/Target Support Files/Pods-PostsApp/Pods-PostsApp-frameworks-${CONFIGURATION}-input-files.xcfilelist",
			);
			name = "[CP] Embed Pods Frameworks";
			outputFileListPaths = (
				"${PODS_ROOT}/Target Support Files/Pods-PostsApp/Pods-PostsApp-frameworks-${CONFIGURATION}-output-files.xcfilelist",
			);
			runOnlyForDeploymentPostprocessing = 0;
			shellPath = /bin/sh;
			shellScript = "\"${PODS_ROOT}/Target Support Files/Pods-PostsApp/Pods-PostsApp-frameworks.sh\"\n";
			showEnvVarsInLog = 0;
		};
		87B62A4001D82C128198D540 /* Generate Mockingbird Mocks */ = {
			isa = PBXShellScriptBuildPhase;
			alwaysOutOfDate = 1;
			buildActionMask = 2147483647;
			files = (
			);
			inputPaths = (
			);
			name = "Generate Mockingbird Mocks";
			outputPaths = (
				"$(SRCROOT)/MockingbirdMocks/PostsAppTests-PostsAppMocks.generated.swift",
			);
			runOnlyForDeploymentPostprocessing = 0;
			shellPath = /bin/sh;
			shellScript = "set -eu\n\n# Prevent Xcode 13 from running this script while indexing.\n[[ \"${ACTION}\" == \"indexbuild\" ]] && exit 0\n\n\"${SRCROOT}/Pods/MockingbirdFramework/mockingbird\" generate --targets \"PostsApp\" --outputs \"${SRCROOT}/MockingbirdMocks/PostsAppTests-PostsAppMocks.generated.swift\"";
		};
		BE8D527127285CD09E56EA5C /* [CP] Embed Pods Frameworks */ = {
			isa = PBXShellScriptBuildPhase;
			buildActionMask = 2147483647;
			files = (
			);
			inputFileListPaths = (
				"${PODS_ROOT}/Target Support Files/Pods-PostsApp-PostsAppTests/Pods-PostsApp-PostsAppTests-frameworks-${CONFIGURATION}-input-files.xcfilelist",
			);
			name = "[CP] Embed Pods Frameworks";
			outputFileListPaths = (
				"${PODS_ROOT}/Target Support Files/Pods-PostsApp-PostsAppTests/Pods-PostsApp-PostsAppTests-frameworks-${CONFIGURATION}-output-files.xcfilelist",
			);
			runOnlyForDeploymentPostprocessing = 0;
			shellPath = /bin/sh;
			shellScript = "\"${PODS_ROOT}/Target Support Files/Pods-PostsApp-PostsAppTests/Pods-PostsApp-PostsAppTests-frameworks.sh\"\n";
			showEnvVarsInLog = 0;
		};
		EA332EB37923E9B1BCC7F328 /* [CP] Check Pods Manifest.lock */ = {
			isa = PBXShellScriptBuildPhase;
			buildActionMask = 2147483647;
			files = (
			);
			inputFileListPaths = (
			);
			inputPaths = (
				"${PODS_PODFILE_DIR_PATH}/Podfile.lock",
				"${PODS_ROOT}/Manifest.lock",
			);
			name = "[CP] Check Pods Manifest.lock";
			outputFileListPaths = (
			);
			outputPaths = (
				"$(DERIVED_FILE_DIR)/Pods-PostsApp-PostsAppTests-checkManifestLockResult.txt",
			);
			runOnlyForDeploymentPostprocessing = 0;
			shellPath = /bin/sh;
			shellScript = "diff \"${PODS_PODFILE_DIR_PATH}/Podfile.lock\" \"${PODS_ROOT}/Manifest.lock\" > /dev/null\nif [ $? != 0 ] ; then\n    # print error to STDERR\n    echo \"error: The sandbox is not in sync with the Podfile.lock. Run 'pod install' or update your CocoaPods installation.\" >&2\n    exit 1\nfi\n# This output is used by Xcode 'outputs' to avoid re-running this script phase.\necho \"SUCCESS\" > \"${SCRIPT_OUTPUT_FILE_0}\"\n";
			showEnvVarsInLog = 0;
		};
/* End PBXShellScriptBuildPhase section */

/* Begin PBXSourcesBuildPhase section */
		22EB67F02A2F74BE005E00F4 /* Sources */ = {
			isa = PBXSourcesBuildPhase;
			buildActionMask = 2147483647;
			files = (
				22EB68782A336ACC005E00F4 /* HomePresenter.swift in Sources */,
				22EB68252A2F77B4005E00F4 /* LoginViewController.swift in Sources */,
				22EB67FC2A2F74BE005E00F4 /* ViewController.swift in Sources */,
				22EB68192A2F76E4005E00F4 /* TutorialViewController.swift in Sources */,
				22EB68182A2F76E4005E00F4 /* TutorialCell.swift in Sources */,
				22EB68712A3354D4005E00F4 /* AuthHelper.swift in Sources */,
				22EB68262A2F77B4005E00F4 /* LoginPresenter.swift in Sources */,
				22EB68232A2F77B4005E00F4 /* RegisterViewController.swift in Sources */,
				22EB67F82A2F74BE005E00F4 /* AppDelegate.swift in Sources */,
				22EB68452A30B21B005E00F4 /* AuthRouter.swift in Sources */,
				22EB68492A30BC17005E00F4 /* RegisterEntity.swift in Sources */,
				22EB68302A2F77F0005E00F4 /* UIInputText.swift in Sources */,
				22EB686E2A334A9F005E00F4 /* UserDefaultHelper.swift in Sources */,
				22EB67FA2A2F74BE005E00F4 /* SceneDelegate.swift in Sources */,
				22EB68022A2F74BE005E00F4 /* PostsApp.xcdatamodeld in Sources */,
				22EB68312A2F77F0005E00F4 /* AuthApiService.swift in Sources */,
				22EB68752A335A2A005E00F4 /* HomeViewController.swift in Sources */,
				22EB68322A2F77F0005E00F4 /* AuthRepository.swift in Sources */,
				22EB68162A2F76E4005E00F4 /* TutorialCellDelegate.swift in Sources */,
				22EB682F2A2F77F0005E00F4 /* LoginEntity.swift in Sources */,
				22EB68472A30BB22005E00F4 /* RegisterPresenter.swift in Sources */,
			);
			runOnlyForDeploymentPostprocessing = 0;
		};
		22EB68332A2F78D7005E00F4 /* Sources */ = {
			isa = PBXSourcesBuildPhase;
			buildActionMask = 2147483647;
			files = (
				22EB68422A2F8C44005E00F4 /* TestLoginPresenter.swift in Sources */,
				DAB7C3D5E00586B159AA9BB2 /* PostsAppTests-PostsAppMocks.generated.swift in Sources */,
			);
			runOnlyForDeploymentPostprocessing = 0;
		};
/* End PBXSourcesBuildPhase section */

/* Begin PBXTargetDependency section */
		22EB683C2A2F78D7005E00F4 /* PBXTargetDependency */ = {
			isa = PBXTargetDependency;
			target = 22EB67F32A2F74BE005E00F4 /* PostsApp */;
			targetProxy = 22EB683B2A2F78D7005E00F4 /* PBXContainerItemProxy */;
		};
/* End PBXTargetDependency section */

/* Begin PBXVariantGroup section */
		22EB67FD2A2F74BE005E00F4 /* Main.storyboard */ = {
			isa = PBXVariantGroup;
			children = (
				22EB67FE2A2F74BE005E00F4 /* Base */,
			);
			name = Main.storyboard;
			sourceTree = "<group>";
		};
		22EB68052A2F74C0005E00F4 /* LaunchScreen.storyboard */ = {
			isa = PBXVariantGroup;
			children = (
				22EB68062A2F74C0005E00F4 /* Base */,
			);
			name = LaunchScreen.storyboard;
			sourceTree = "<group>";
		};
/* End PBXVariantGroup section */

/* Begin XCBuildConfiguration section */
		22EB68092A2F74C0005E00F4 /* Debug */ = {
			isa = XCBuildConfiguration;
			buildSettings = {
				ALWAYS_SEARCH_USER_PATHS = NO;
				CLANG_ANALYZER_NONNULL = YES;
				CLANG_ANALYZER_NUMBER_OBJECT_CONVERSION = YES_AGGRESSIVE;
				CLANG_CXX_LANGUAGE_STANDARD = "gnu++20";
				CLANG_ENABLE_MODULES = YES;
				CLANG_ENABLE_OBJC_ARC = YES;
				CLANG_ENABLE_OBJC_WEAK = YES;
				CLANG_WARN_BLOCK_CAPTURE_AUTORELEASING = YES;
				CLANG_WARN_BOOL_CONVERSION = YES;
				CLANG_WARN_COMMA = YES;
				CLANG_WARN_CONSTANT_CONVERSION = YES;
				CLANG_WARN_DEPRECATED_OBJC_IMPLEMENTATIONS = YES;
				CLANG_WARN_DIRECT_OBJC_ISA_USAGE = YES_ERROR;
				CLANG_WARN_DOCUMENTATION_COMMENTS = YES;
				CLANG_WARN_EMPTY_BODY = YES;
				CLANG_WARN_ENUM_CONVERSION = YES;
				CLANG_WARN_INFINITE_RECURSION = YES;
				CLANG_WARN_INT_CONVERSION = YES;
				CLANG_WARN_NON_LITERAL_NULL_CONVERSION = YES;
				CLANG_WARN_OBJC_IMPLICIT_RETAIN_SELF = YES;
				CLANG_WARN_OBJC_LITERAL_CONVERSION = YES;
				CLANG_WARN_OBJC_ROOT_CLASS = YES_ERROR;
				CLANG_WARN_QUOTED_INCLUDE_IN_FRAMEWORK_HEADER = YES;
				CLANG_WARN_RANGE_LOOP_ANALYSIS = YES;
				CLANG_WARN_STRICT_PROTOTYPES = YES;
				CLANG_WARN_SUSPICIOUS_MOVE = YES;
				CLANG_WARN_UNGUARDED_AVAILABILITY = YES_AGGRESSIVE;
				CLANG_WARN_UNREACHABLE_CODE = YES;
				CLANG_WARN__DUPLICATE_METHOD_MATCH = YES;
				COPY_PHASE_STRIP = NO;
				DEBUG_INFORMATION_FORMAT = dwarf;
				ENABLE_STRICT_OBJC_MSGSEND = YES;
				ENABLE_TESTABILITY = YES;
				GCC_C_LANGUAGE_STANDARD = gnu11;
				GCC_DYNAMIC_NO_PIC = NO;
				GCC_NO_COMMON_BLOCKS = YES;
				GCC_OPTIMIZATION_LEVEL = 0;
				GCC_PREPROCESSOR_DEFINITIONS = (
					"DEBUG=1",
					"$(inherited)",
				);
				GCC_WARN_64_TO_32_BIT_CONVERSION = YES;
				GCC_WARN_ABOUT_RETURN_TYPE = YES_ERROR;
				GCC_WARN_UNDECLARED_SELECTOR = YES;
				GCC_WARN_UNINITIALIZED_AUTOS = YES_AGGRESSIVE;
				GCC_WARN_UNUSED_FUNCTION = YES;
				GCC_WARN_UNUSED_VARIABLE = YES;
				IPHONEOS_DEPLOYMENT_TARGET = 16.4;
				MTL_ENABLE_DEBUG_INFO = INCLUDE_SOURCE;
				MTL_FAST_MATH = YES;
				ONLY_ACTIVE_ARCH = YES;
				SDKROOT = iphoneos;
				SWIFT_ACTIVE_COMPILATION_CONDITIONS = DEBUG;
				SWIFT_OPTIMIZATION_LEVEL = "-Onone";
			};
			name = Debug;
		};
		22EB680A2A2F74C0005E00F4 /* Release */ = {
			isa = XCBuildConfiguration;
			buildSettings = {
				ALWAYS_SEARCH_USER_PATHS = NO;
				CLANG_ANALYZER_NONNULL = YES;
				CLANG_ANALYZER_NUMBER_OBJECT_CONVERSION = YES_AGGRESSIVE;
				CLANG_CXX_LANGUAGE_STANDARD = "gnu++20";
				CLANG_ENABLE_MODULES = YES;
				CLANG_ENABLE_OBJC_ARC = YES;
				CLANG_ENABLE_OBJC_WEAK = YES;
				CLANG_WARN_BLOCK_CAPTURE_AUTORELEASING = YES;
				CLANG_WARN_BOOL_CONVERSION = YES;
				CLANG_WARN_COMMA = YES;
				CLANG_WARN_CONSTANT_CONVERSION = YES;
				CLANG_WARN_DEPRECATED_OBJC_IMPLEMENTATIONS = YES;
				CLANG_WARN_DIRECT_OBJC_ISA_USAGE = YES_ERROR;
				CLANG_WARN_DOCUMENTATION_COMMENTS = YES;
				CLANG_WARN_EMPTY_BODY = YES;
				CLANG_WARN_ENUM_CONVERSION = YES;
				CLANG_WARN_INFINITE_RECURSION = YES;
				CLANG_WARN_INT_CONVERSION = YES;
				CLANG_WARN_NON_LITERAL_NULL_CONVERSION = YES;
				CLANG_WARN_OBJC_IMPLICIT_RETAIN_SELF = YES;
				CLANG_WARN_OBJC_LITERAL_CONVERSION = YES;
				CLANG_WARN_OBJC_ROOT_CLASS = YES_ERROR;
				CLANG_WARN_QUOTED_INCLUDE_IN_FRAMEWORK_HEADER = YES;
				CLANG_WARN_RANGE_LOOP_ANALYSIS = YES;
				CLANG_WARN_STRICT_PROTOTYPES = YES;
				CLANG_WARN_SUSPICIOUS_MOVE = YES;
				CLANG_WARN_UNGUARDED_AVAILABILITY = YES_AGGRESSIVE;
				CLANG_WARN_UNREACHABLE_CODE = YES;
				CLANG_WARN__DUPLICATE_METHOD_MATCH = YES;
				COPY_PHASE_STRIP = NO;
				DEBUG_INFORMATION_FORMAT = "dwarf-with-dsym";
				ENABLE_NS_ASSERTIONS = NO;
				ENABLE_STRICT_OBJC_MSGSEND = YES;
				GCC_C_LANGUAGE_STANDARD = gnu11;
				GCC_NO_COMMON_BLOCKS = YES;
				GCC_WARN_64_TO_32_BIT_CONVERSION = YES;
				GCC_WARN_ABOUT_RETURN_TYPE = YES_ERROR;
				GCC_WARN_UNDECLARED_SELECTOR = YES;
				GCC_WARN_UNINITIALIZED_AUTOS = YES_AGGRESSIVE;
				GCC_WARN_UNUSED_FUNCTION = YES;
				GCC_WARN_UNUSED_VARIABLE = YES;
				IPHONEOS_DEPLOYMENT_TARGET = 16.4;
				MTL_ENABLE_DEBUG_INFO = NO;
				MTL_FAST_MATH = YES;
				SDKROOT = iphoneos;
				SWIFT_COMPILATION_MODE = wholemodule;
				SWIFT_OPTIMIZATION_LEVEL = "-O";
				VALIDATE_PRODUCT = YES;
			};
			name = Release;
		};
		22EB680C2A2F74C0005E00F4 /* Debug */ = {
			isa = XCBuildConfiguration;
			baseConfigurationReference = C17FE08878517439B3FCC7CE /* Pods-PostsApp.debug.xcconfig */;
			buildSettings = {
				ASSETCATALOG_COMPILER_APPICON_NAME = AppIcon;
				ASSETCATALOG_COMPILER_GLOBAL_ACCENT_COLOR_NAME = AccentColor;
				CODE_SIGN_STYLE = Automatic;
				CURRENT_PROJECT_VERSION = 1;
				GENERATE_INFOPLIST_FILE = YES;
				INFOPLIST_FILE = PostsApp/Info.plist;
				INFOPLIST_KEY_UIApplicationSupportsIndirectInputEvents = YES;
				INFOPLIST_KEY_UILaunchStoryboardName = LaunchScreen;
				INFOPLIST_KEY_UIMainStoryboardFile = Main;
				INFOPLIST_KEY_UISupportedInterfaceOrientations_iPad = "UIInterfaceOrientationPortrait UIInterfaceOrientationPortraitUpsideDown UIInterfaceOrientationLandscapeLeft UIInterfaceOrientationLandscapeRight";
				INFOPLIST_KEY_UISupportedInterfaceOrientations_iPhone = "UIInterfaceOrientationPortrait UIInterfaceOrientationLandscapeLeft UIInterfaceOrientationLandscapeRight";
				LD_RUNPATH_SEARCH_PATHS = (
					"$(inherited)",
					"@executable_path/Frameworks",
				);
				MARKETING_VERSION = 1.0;
				PRODUCT_BUNDLE_IDENTIFIER = com.training.PostsApp;
				PRODUCT_NAME = "$(TARGET_NAME)";
				SWIFT_EMIT_LOC_STRINGS = YES;
				SWIFT_VERSION = 5.0;
				TARGETED_DEVICE_FAMILY = "1,2";
			};
			name = Debug;
		};
		22EB680D2A2F74C0005E00F4 /* Release */ = {
			isa = XCBuildConfiguration;
			baseConfigurationReference = 5C0F60B60A2BD5F4752947CC /* Pods-PostsApp.release.xcconfig */;
			buildSettings = {
				ASSETCATALOG_COMPILER_APPICON_NAME = AppIcon;
				ASSETCATALOG_COMPILER_GLOBAL_ACCENT_COLOR_NAME = AccentColor;
				CODE_SIGN_STYLE = Automatic;
				CURRENT_PROJECT_VERSION = 1;
				GENERATE_INFOPLIST_FILE = YES;
				INFOPLIST_FILE = PostsApp/Info.plist;
				INFOPLIST_KEY_UIApplicationSupportsIndirectInputEvents = YES;
				INFOPLIST_KEY_UILaunchStoryboardName = LaunchScreen;
				INFOPLIST_KEY_UIMainStoryboardFile = Main;
				INFOPLIST_KEY_UISupportedInterfaceOrientations_iPad = "UIInterfaceOrientationPortrait UIInterfaceOrientationPortraitUpsideDown UIInterfaceOrientationLandscapeLeft UIInterfaceOrientationLandscapeRight";
				INFOPLIST_KEY_UISupportedInterfaceOrientations_iPhone = "UIInterfaceOrientationPortrait UIInterfaceOrientationLandscapeLeft UIInterfaceOrientationLandscapeRight";
				LD_RUNPATH_SEARCH_PATHS = (
					"$(inherited)",
					"@executable_path/Frameworks",
				);
				MARKETING_VERSION = 1.0;
				PRODUCT_BUNDLE_IDENTIFIER = com.training.PostsApp;
				PRODUCT_NAME = "$(TARGET_NAME)";
				SWIFT_EMIT_LOC_STRINGS = YES;
				SWIFT_VERSION = 5.0;
				TARGETED_DEVICE_FAMILY = "1,2";
			};
			name = Release;
		};
		22EB683D2A2F78D7005E00F4 /* Debug */ = {
			isa = XCBuildConfiguration;
			baseConfigurationReference = 6552686EDB4B328076D4D453 /* Pods-PostsApp-PostsAppTests.debug.xcconfig */;
			buildSettings = {
				BUNDLE_LOADER = "$(TEST_HOST)";
				CLANG_ENABLE_MODULES = YES;
				CODE_SIGN_STYLE = Automatic;
				CURRENT_PROJECT_VERSION = 1;
				GENERATE_INFOPLIST_FILE = YES;
				MARKETING_VERSION = 1.0;
				PRODUCT_BUNDLE_IDENTIFIER = com.training.PostsAppTests;
				PRODUCT_NAME = "$(TARGET_NAME)";
				SWIFT_EMIT_LOC_STRINGS = NO;
				SWIFT_OBJC_BRIDGING_HEADER = "PostsAppTests/PostsAppTests-Bridging-Header.h";
				SWIFT_OPTIMIZATION_LEVEL = "-Onone";
				SWIFT_VERSION = 5.0;
				TARGETED_DEVICE_FAMILY = "1,2";
				TEST_HOST = "$(BUILT_PRODUCTS_DIR)/PostsApp.app/$(BUNDLE_EXECUTABLE_FOLDER_PATH)/PostsApp";
			};
			name = Debug;
		};
		22EB683E2A2F78D7005E00F4 /* Release */ = {
			isa = XCBuildConfiguration;
			baseConfigurationReference = 2BEAE9234010F7B842812AAA /* Pods-PostsApp-PostsAppTests.release.xcconfig */;
			buildSettings = {
				BUNDLE_LOADER = "$(TEST_HOST)";
				CLANG_ENABLE_MODULES = YES;
				CODE_SIGN_STYLE = Automatic;
				CURRENT_PROJECT_VERSION = 1;
				GENERATE_INFOPLIST_FILE = YES;
				MARKETING_VERSION = 1.0;
				PRODUCT_BUNDLE_IDENTIFIER = com.training.PostsAppTests;
				PRODUCT_NAME = "$(TARGET_NAME)";
				SWIFT_EMIT_LOC_STRINGS = NO;
				SWIFT_OBJC_BRIDGING_HEADER = "PostsAppTests/PostsAppTests-Bridging-Header.h";
				SWIFT_VERSION = 5.0;
				TARGETED_DEVICE_FAMILY = "1,2";
				TEST_HOST = "$(BUILT_PRODUCTS_DIR)/PostsApp.app/$(BUNDLE_EXECUTABLE_FOLDER_PATH)/PostsApp";
			};
			name = Release;
		};
/* End XCBuildConfiguration section */

/* Begin XCConfigurationList section */
		22EB67EF2A2F74BE005E00F4 /* Build configuration list for PBXProject "PostsApp" */ = {
			isa = XCConfigurationList;
			buildConfigurations = (
				22EB68092A2F74C0005E00F4 /* Debug */,
				22EB680A2A2F74C0005E00F4 /* Release */,
			);
			defaultConfigurationIsVisible = 0;
			defaultConfigurationName = Release;
		};
		22EB680B2A2F74C0005E00F4 /* Build configuration list for PBXNativeTarget "PostsApp" */ = {
			isa = XCConfigurationList;
			buildConfigurations = (
				22EB680C2A2F74C0005E00F4 /* Debug */,
				22EB680D2A2F74C0005E00F4 /* Release */,
			);
			defaultConfigurationIsVisible = 0;
			defaultConfigurationName = Release;
		};
		22EB683F2A2F78D7005E00F4 /* Build configuration list for PBXNativeTarget "PostsAppTests" */ = {
			isa = XCConfigurationList;
			buildConfigurations = (
				22EB683D2A2F78D7005E00F4 /* Debug */,
				22EB683E2A2F78D7005E00F4 /* Release */,
			);
			defaultConfigurationIsVisible = 0;
			defaultConfigurationName = Release;
		};
/* End XCConfigurationList section */

/* Begin XCVersionGroup section */
		22EB68002A2F74BE005E00F4 /* PostsApp.xcdatamodeld */ = {
			isa = XCVersionGroup;
			children = (
				22EB68012A2F74BE005E00F4 /* PostsApp.xcdatamodel */,
			);
			currentVersion = 22EB68012A2F74BE005E00F4 /* PostsApp.xcdatamodel */;
			path = PostsApp.xcdatamodeld;
			sourceTree = "<group>";
			versionGroupType = wrapper.xcdatamodel;
		};
/* End XCVersionGroup section */
	};
	rootObject = 22EB67EC2A2F74BE005E00F4 /* Project object */;
}
