{"projectHash":"81931f3d890b685c347ca77dbc4d3e894f8c1e8e","productModuleName":"PostsAppTests","mockedTypeNames":["\/Users\/macos\/MyProjects\/PostsApp\/PostsAppTests\/TestLoginPresenter.swift",["LoginDisplay"]],"cliVersion":"0.20.0","sourceFilePaths":[{"path":"\/Users\/macos\/MyProjects\/PostsApp\/MockingbirdMocks\/PostsAppTests-PostsAppMocks.generated.swift","hash":"e82487aa1757cf04d16e8ae33e6c792f9b87c551"},{"path":"\/Users\/macos\/MyProjects\/PostsApp\/PostsAppTests\/TestLoginPresenter.swift","hash":"774e7f748115680dd32cde1d36b2d8e7b9e3456b"}],"sourceRoot":"\/Users\/macos\/MyProjects\/PostsApp","dependencies":[],"name":"PostsAppTests"}