{"cliVersion":"0.20.0","productModuleName":"PostsApp","sourceFilePaths":[{"path":"\/Users\/macos\/MyProjects\/PostsApp\/PostsApp\/AppDelegate.swift","hash":"69a3d15483c0402e9a356fd511ffd8adbd78578e"},{"path":"\/Users\/macos\/MyProjects\/PostsApp\/PostsApp\/SceneDelegate.swift","hash":"12897596a40414ebb52f58c6360c0b35719da637"},{"path":"\/Users\/macos\/MyProjects\/PostsApp\/PostsApp\/ViewController.swift","hash":"e43ad8c42cf3afb047f7b81a1485be02d90a0cfb"},{"path":"\/Users\/macos\/MyProjects\/PostsApp\/PostsApp\/entities\/LoginEntity.swift","hash":"d20a2946c8705c8d11f77cad9f94f217d5dc96ae"},{"path":"\/Users\/macos\/MyProjects\/PostsApp\/PostsApp\/repositories\/AuthRepository.swift","hash":"73aee940ea6cd5df7b74ddaa0e7ad9249e695ffa"},{"path":"\/Users\/macos\/MyProjects\/PostsApp\/PostsApp\/screens\/login\/LoginPresenter.swift","hash":"abdbfb784e766c355f4bd1519c0f959533953c51"},{"path":"\/Users\/macos\/MyProjects\/PostsApp\/PostsApp\/screens\/login\/LoginViewController.swift","hash":"392e2bf9bc80ba5ce43cfe7cf1cdc1e8cbe47ef8"},{"path":"\/Users\/macos\/MyProjects\/PostsApp\/PostsApp\/screens\/register\/RegisterViewController.swift","hash":"595ef91ed384e42a4c48f192c5a21129d253c16e"},{"path":"\/Users\/macos\/MyProjects\/PostsApp\/PostsApp\/screens\/tutorial\/TutorialViewController.swift","hash":"60c55642cc636c16964a6d256f6bf5833f360204"},{"path":"\/Users\/macos\/MyProjects\/PostsApp\/PostsApp\/screens\/tutorial\/cells\/TutorialCell.swift","hash":"7aedc6726459343ec646d369e74772b62f95dc48"},{"path":"\/Users\/macos\/MyProjects\/PostsApp\/PostsApp\/screens\/tutorial\/cells\/TutorialCellDelegate.swift","hash":"b9376d55596fd149a58a9a1b2bfbb802134fce41"},{"path":"\/Users\/macos\/MyProjects\/PostsApp\/PostsApp\/services\/AuthApiService.swift","hash":"a6fc9b13d0d232faf1482ba59d9dc5456e0a843f"},{"path":"\/Users\/macos\/MyProjects\/PostsApp\/PostsApp\/views\/UIInputText.swift","hash":"81f71226156f9d4fe5114b781874e6d44f9a2b00"}],"configHash":"05fac92bbc6250ef8b5fa8591a87d840e03f72d2","dependencyPathsHash":"737ddf592b946a4844b0cd5a0c2afa59f571be24","targetPathsHash":"a9834580fe899872e6e78dbe2f3ec0807f7c1f6f","mockedTypesHash":"0c8f79f198cec79a96b8fbe78336262768fd000d","outputHash":"e82487aa1757cf04d16e8ae33e6c792f9b87c551","dependencies":[],"sourceRoot":"\/Users\/macos\/MyProjects\/PostsApp","supportingFilePaths":[{"path":"\/Users\/macos\/MyProjects\/PostsApp\/MockingbirdSupport\/AppKit\/NSResponder.swift","hash":"21296949c6d570892c8665a450e62c234c938790"},{"path":"\/Users\/macos\/MyProjects\/PostsApp\/MockingbirdSupport\/AppKit\/NSView.swift","hash":"85b3183be144012a7e105e292426c3d9f8966072"},{"path":"\/Users\/macos\/MyProjects\/PostsApp\/MockingbirdSupport\/AppKit\/NSViewController.swift","hash":"d8785e8a119f2723c8840534df0ad8ac61409797"},{"path":"\/Users\/macos\/MyProjects\/PostsApp\/MockingbirdSupport\/Foundation\/ObjectiveC\/NSObject.swift","hash":"cf466772b8c2d80d31f34b93b501b398fbb8854d"},{"path":"\/Users\/macos\/MyProjects\/PostsApp\/MockingbirdSupport\/Foundation\/ObjectiveC\/NSObject.swift","hash":"cf466772b8c2d80d31f34b93b501b398fbb8854d"},{"path":"\/Users\/macos\/MyProjects\/PostsApp\/MockingbirdSupport\/Swift\/Codable.swift","hash":"57675d8b36a2db7b093b3542bd3225a88992c3bc"},{"path":"\/Users\/macos\/MyProjects\/PostsApp\/MockingbirdSupport\/Swift\/Comparable.swift","hash":"d0d110744eeaf2f8fdd2f8a41df3452f35286bb7"},{"path":"\/Users\/macos\/MyProjects\/PostsApp\/MockingbirdSupport\/Swift\/Equatable.swift","hash":"2e7674f4e23a5ab7aef45b91b63c0ed5934c3b83"},{"path":"\/Users\/macos\/MyProjects\/PostsApp\/MockingbirdSupport\/Swift\/Hashable.swift","hash":"f59ec249aa03e312f2bda7c3b397c0dccd880a21"},{"path":"\/Users\/macos\/MyProjects\/PostsApp\/MockingbirdSupport\/Swift\/Misc.swift","hash":"c139249ec5799f1ec64c3d9e7d8c1f286b894035"},{"path":"\/Users\/macos\/MyProjects\/PostsApp\/MockingbirdSupport\/UIKit\/UIControl.swift","hash":"9363a4c38002598dbbc1198f16fe7198b8151d24"},{"path":"\/Users\/macos\/MyProjects\/PostsApp\/MockingbirdSupport\/UIKit\/UILabel.swift","hash":"e26a734695bfe008598ed0d8c936683db78f40ac"},{"path":"\/Users\/macos\/MyProjects\/PostsApp\/MockingbirdSupport\/UIKit\/UIView.swift","hash":"10e6b03a9c5a76f720c17fcb82af82ff66994926"},{"path":"\/Users\/macos\/MyProjects\/PostsApp\/MockingbirdSupport\/UIKit\/UIViewController.swift","hash":"bbd8980a22029f339b0e8746124fd06d94730570"}],"name":"PostsApp","projectHash":"81931f3d890b685c347ca77dbc4d3e894f8c1e8e"}